
Microsoft Visual Studio Solution File, Format Version 12.00
# Visual Studio Version 17
VisualStudioVersion = 17.3.32929.385
MinimumVisualStudioVersion = 10.0.40219.1
Project("{FAE04EC0-301F-11D3-BF4B-00C04F79EFBC}") = "ev tapsiriq 8 vefral 2", "ev tapsiriq 8 vefral 2\ev tapsiriq 8 vefral 2.csproj", "{26E2BC02-E3E3-4543-B83F-A2CA227F28CE}"
EndProject
Global
	GlobalSection(SolutionConfigurationPlatforms) = preSolution
		Debug|Any CPU = Debug|Any CPU
		Release|Any CPU = Release|Any CPU
	EndGlobalSection
	GlobalSection(ProjectConfigurationPlatforms) = postSolution
		{26E2BC02-E3E3-4543-B83F-A2CA227F28CE}.Debug|Any CPU.ActiveCfg = Debug|Any CPU
		{26E2BC02-E3E3-4543-B83F-A2CA227F28CE}.Debug|Any CPU.Build.0 = Debug|Any CPU
		{26E2BC02-E3E3-4543-B83F-A2CA227F28CE}.Release|Any CPU.ActiveCfg = Release|Any CPU
		{26E2BC02-E3E3-4543-B83F-A2CA227F28CE}.Release|Any CPU.Build.0 = Release|Any CPU
	EndGlobalSection
	GlobalSection(SolutionProperties) = preSolution
		HideSolutionNode = FALSE
	EndGlobalSection
	GlobalSection(ExtensibilityGlobals) = postSolution
		SolutionGuid = {6E6D3941-7AE9-435F-9A69-7090CB4A14C5}
	EndGlobalSection
EndGlobal
